// !$*UTF8*$!
{
	archiveVersion = 1;
	classes = {
	};
	objectVersion = 50;
	objects = {

/* Begin PBXBuildFile section */
		6088C6522548176400E1525C /* AppDelegate.swift in Sources */ = {isa = PBXBuildFile; fileRef = 6088C6512548176400E1525C /* AppDelegate.swift */; };
		6088C6542548176400E1525C /* ContentView.swift in Sources */ = {isa = PBXBuildFile; fileRef = 6088C6532548176400E1525C /* ContentView.swift */; };
		6088C6562548176600E1525C /* Assets.xcassets in Resources */ = {isa = PBXBuildFile; fileRef = 6088C6552548176600E1525C /* Assets.xcassets */; };
		6088C6592548176600E1525C /* Preview Assets.xcassets in Resources */ = {isa = PBXBuildFile; fileRef = 6088C6582548176600E1525C /* Preview Assets.xcassets */; };
		6088C65C2548176600E1525C /* Main.storyboard in Resources */ = {isa = PBXBuildFile; fileRef = 6088C65A2548176600E1525C /* Main.storyboard */; };
		6088C667254817D900E1525C /* GridView.swift in Sources */ = {isa = PBXBuildFile; fileRef = 6088C666254817D900E1525C /* GridView.swift */; };
		609F1309254BF45C008C85A9 /* HostingCellView.swift in Sources */ = {isa = PBXBuildFile; fileRef = 609F1307254BF45C008C85A9 /* HostingCellView.swift */; };
		609F130A254BF45C008C85A9 /* HostingCellView.xib in Resources */ = {isa = PBXBuildFile; fileRef = 609F1308254BF45C008C85A9 /* HostingCellView.xib */; };
/* End PBXBuildFile section */

/* Begin PBXFileReference section */
		6088C64E2548176400E1525C /* SwiftUICollectionViewMac.app */ = {isa = PBXFileReference; explicitFileType = wrapper.application; includeInIndex = 0; path = SwiftUICollectionViewMac.app; sourceTree = BUILT_PRODUCTS_DIR; };
		6088C6512548176400E1525C /* AppDelegate.swift */ = {isa = PBXFileReference; lastKnownFileType = sourcecode.swift; path = AppDelegate.swift; sourceTree = "<group>"; };
		6088C6532548176400E1525C /* ContentView.swift */ = {isa = PBXFileReference; lastKnownFileType = sourcecode.swift; path = ContentView.swift; sourceTree = "<group>"; };
		6088C6552548176600E1525C /* Assets.xcassets */ = {isa = PBXFileReference; lastKnownFileType = folder.assetcatalog; path = Assets.xcassets; sourceTree = "<group>"; };
		6088C6582548176600E1525C /* Preview Assets.xcassets */ = {isa = PBXFileReference; lastKnownFileType = folder.assetcatalog; path = "Preview Assets.xcassets"; sourceTree = "<group>"; };
		6088C65B2548176600E1525C /* Base */ = {isa = PBXFileReference; lastKnownFileType = file.storyboard; name = Base; path = Base.lproj/Main.storyboard; sourceTree = "<group>"; };
		6088C65D2548176600E1525C /* Info.plist */ = {isa = PBXFileReference; lastKnownFileType = text.plist.xml; path = Info.plist; sourceTree = "<group>"; };
		6088C65E2548176600E1525C /* SwiftUICollectionViewMac.entitlements */ = {isa = PBXFileReference; lastKnownFileType = text.plist.entitlements; path = SwiftUICollectionViewMac.entitlements; sourceTree = "<group>"; };
		6088C666254817D900E1525C /* GridView.swift */ = {isa = PBXFileReference; fileEncoding = 4; lastKnownFileType = sourcecode.swift; path = GridView.swift; sourceTree = "<group>"; };
		609F12FD254BBD39008C85A9 /* GridViewController.swift */ = {isa = PBXFileReference; lastKnownFileType = sourcecode.swift; path = GridViewController.swift; sourceTree = "<group>"; };
		609F1301254BF21D008C85A9 /* GridViewController.xib */ = {isa = PBXFileReference; lastKnownFileType = file.xib; path = GridViewController.xib; sourceTree = "<group>"; };
		609F1307254BF45C008C85A9 /* HostingCellView.swift */ = {isa = PBXFileReference; lastKnownFileType = sourcecode.swift; path = HostingCellView.swift; sourceTree = "<group>"; };
		609F1308254BF45C008C85A9 /* HostingCellView.xib */ = {isa = PBXFileReference; lastKnownFileType = file.xib; path = HostingCellView.xib; sourceTree = "<group>"; };
/* End PBXFileReference section */

/* Begin PBXFrameworksBuildPhase section */
		6088C64B2548176400E1525C /* Frameworks */ = {
			isa = PBXFrameworksBuildPhase;
			buildActionMask = 2147483647;
			files = (
			);
			runOnlyForDeploymentPostprocessing = 0;
		};
/* End PBXFrameworksBuildPhase section */

/* Begin PBXGroup section */
		6088C6452548176400E1525C = {
			isa = PBXGroup;
			children = (
				6088C6502548176400E1525C /* SwiftUICollectionViewMac */,
				6088C64F2548176400E1525C /* Products */,
			);
			sourceTree = "<group>";
		};
		6088C64F2548176400E1525C /* Products */ = {
			isa = PBXGroup;
			children = (
				6088C64E2548176400E1525C /* SwiftUICollectionViewMac.app */,
			);
			name = Products;
			sourceTree = "<group>";
		};
		6088C6502548176400E1525C /* SwiftUICollectionViewMac */ = {
			isa = PBXGroup;
			children = (
				6088C6512548176400E1525C /* AppDelegate.swift */,
				6088C6532548176400E1525C /* ContentView.swift */,
				6088C666254817D900E1525C /* GridView.swift */,
				6088C6552548176600E1525C /* Assets.xcassets */,
				6088C65A2548176600E1525C /* Main.storyboard */,
				6088C65D2548176600E1525C /* Info.plist */,
				6088C65E2548176600E1525C /* SwiftUICollectionViewMac.entitlements */,
				6088C6572548176600E1525C /* Preview Content */,
				609F12FD254BBD39008C85A9 /* GridViewController.swift */,
				609F1301254BF21D008C85A9 /* GridViewController.xib */,
				609F1307254BF45C008C85A9 /* HostingCellView.swift */,
				609F1308254BF45C008C85A9 /* HostingCellView.xib */,
			);
			path = SwiftUICollectionViewMac;
			sourceTree = "<group>";
		};
		6088C6572548176600E1525C /* Preview Content */ = {
			isa = PBXGroup;
			children = (
				6088C6582548176600E1525C /* Preview Assets.xcassets */,
			);
			path = "Preview Content";
			sourceTree = "<group>";
		};
/* End PBXGroup section */

/* Begin PBXNativeTarget section */
		6088C64D2548176400E1525C /* SwiftUICollectionViewMac */ = {
			isa = PBXNativeTarget;
			buildConfigurationList = 6088C6612548176600E1525C /* Build configuration list for PBXNativeTarget "SwiftUICollectionViewMac" */;
			buildPhases = (
				6088C64A2548176400E1525C /* Sources */,
				6088C64B2548176400E1525C /* Frameworks */,
				6088C64C2548176400E1525C /* Resources */,
			);
			buildRules = (
			);
			dependencies = (
			);
			name = SwiftUICollectionViewMac;
			productName = SwiftUICollectionViewMac;
			productReference = 6088C64E2548176400E1525C /* SwiftUICollectionViewMac.app */;
			productType = "com.apple.product-type.application";
		};
/* End PBXNativeTarget section */

/* Begin PBXProject section */
		6088C6462548176400E1525C /* Project object */ = {
			isa = PBXProject;
			attributes = {
				LastSwiftUpdateCheck = 1210;
				LastUpgradeCheck = 1210;
				TargetAttributes = {
					6088C64D2548176400E1525C = {
						CreatedOnToolsVersion = 12.1;
					};
				};
			};
			buildConfigurationList = 6088C6492548176400E1525C /* Build configuration list for PBXProject "SwiftUICollectionViewMac" */;
			compatibilityVersion = "Xcode 9.3";
			developmentRegion = en;
			hasScannedForEncodings = 0;
			knownRegions = (
				en,
				Base,
			);
			mainGroup = 6088C6452548176400E1525C;
			productRefGroup = 6088C64F2548176400E1525C /* Products */;
			projectDirPath = "";
			projectRoot = "";
			targets = (
				6088C64D2548176400E1525C /* SwiftUICollectionViewMac */,
			);
		};
/* End PBXProject section */

/* Begin PBXResourcesBuildPhase section */
		6088C64C2548176400E1525C /* Resources */ = {
			isa = PBXResourcesBuildPhase;
			buildActionMask = 2147483647;
			files = (
				609F130A254BF45C008C85A9 /* HostingCellView.xib in Resources */,
				6088C65C2548176600E1525C /* Main.storyboard in Resources */,
				6088C6592548176600E1525C /* Preview Assets.xcassets in Resources */,
				6088C6562548176600E1525C /* Assets.xcassets in Resources */,
			);
			runOnlyForDeploymentPostprocessing = 0;
		};
/* End PBXResourcesBuildPhase section */

/* Begin PBXSourcesBuildPhase section */
		6088C64A2548176400E1525C /* Sources */ = {
			isa = PBXSourcesBuildPhase;
			buildActionMask = 2147483647;
			files = (
				609F1309254BF45C008C85A9 /* HostingCellView.swift in Sources */,
				6088C6542548176400E1525C /* ContentView.swift in Sources */,
				6088C667254817D900E1525C /* GridView.swift in Sources */,
				6088C6522548176400E1525C /* AppDelegate.swift in Sources */,
			);
			runOnlyForDeploymentPostprocessing = 0;
		};
/* End PBXSourcesBuildPhase section */

/* Begin PBXVariantGroup section */
		6088C65A2548176600E1525C /* Main.storyboard */ = {
			isa = PBXVariantGroup;
			children = (
				6088C65B2548176600E1525C /* Base */,
			);
			name = Main.storyboard;
			sourceTree = "<group>";
		};
/* End PBXVariantGroup section */

/* Begin XCBuildConfiguration section */
		6088C65F2548176600E1525C /* Debug */ = {
			isa = XCBuildConfiguration;
			buildSettings = {
				ALWAYS_SEARCH_USER_PATHS = NO;
				CLANG_ANALYZER_NONNULL = YES;
				CLANG_ANALYZER_NUMBER_OBJECT_CONVERSION = YES_AGGRESSIVE;
				CLANG_CXX_LANGUAGE_STANDARD = "gnu++14";
				CLANG_CXX_LIBRARY = "libc++";
				CLANG_ENABLE_MODULES = YES;
				CLANG_ENABLE_OBJC_ARC = YES;
				CLANG_ENABLE_OBJC_WEAK = YES;
				CLANG_WARN_BLOCK_CAPTURE_AUTORELEASING = YES;
				CLANG_WARN_BOOL_CONVERSION = YES;
				CLANG_WARN_COMMA = YES;
				CLANG_WARN_CONSTANT_CONVERSION = YES;
				CLANG_WARN_DEPRECATED_OBJC_IMPLEMENTATIONS = YES;
				CLANG_WARN_DIRECT_OBJC_ISA_USAGE = YES_ERROR;
				CLANG_WARN_DOCUMENTATION_COMMENTS = YES;
				CLANG_WARN_EMPTY_BODY = YES;
				CLANG_WARN_ENUM_CONVERSION = YES;
				CLANG_WARN_INFINITE_RECURSION = YES;
				CLANG_WARN_INT_CONVERSION = YES;
				CLANG_WARN_NON_LITERAL_NULL_CONVERSION = YES;
				CLANG_WARN_OBJC_IMPLICIT_RETAIN_SELF = YES;
				CLANG_WARN_OBJC_LITERAL_CONVERSION = YES;
				CLANG_WARN_OBJC_ROOT_CLASS = YES_ERROR;
				CLANG_WARN_QUOTED_INCLUDE_IN_FRAMEWORK_HEADER = YES;
				CLANG_WARN_RANGE_LOOP_ANALYSIS = YES;
				CLANG_WARN_STRICT_PROTOTYPES = YES;
				CLANG_WARN_SUSPICIOUS_MOVE = YES;
				CLANG_WARN_UNGUARDED_AVAILABILITY = YES_AGGRESSIVE;
				CLANG_WARN_UNREACHABLE_CODE = YES;
				CLANG_WARN__DUPLICATE_METHOD_MATCH = YES;
				COPY_PHASE_STRIP = NO;
				DEBUG_INFORMATION_FORMAT = dwarf;
				ENABLE_STRICT_OBJC_MSGSEND = YES;
				ENABLE_TESTABILITY = YES;
				GCC_C_LANGUAGE_STANDARD = gnu11;
				GCC_DYNAMIC_NO_PIC = NO;
				GCC_NO_COMMON_BLOCKS = YES;
				GCC_OPTIMIZATION_LEVEL = 0;
				GCC_PREPROCESSOR_DEFINITIONS = (
					"DEBUG=1",
					"$(inherited)",
				);
				GCC_WARN_64_TO_32_BIT_CONVERSION = YES;
				GCC_WARN_ABOUT_RETURN_TYPE = YES_ERROR;
				GCC_WARN_UNDECLARED_SELECTOR = YES;
				GCC_WARN_UNINITIALIZED_AUTOS = YES_AGGRESSIVE;
				GCC_WARN_UNUSED_FUNCTION = YES;
				GCC_WARN_UNUSED_VARIABLE = YES;
				MACOSX_DEPLOYMENT_TARGET = 10.15;
				MTL_ENABLE_DEBUG_INFO = INCLUDE_SOURCE;
				MTL_FAST_MATH = YES;
				ONLY_ACTIVE_ARCH = YES;
				SDKROOT = macosx;
				SWIFT_ACTIVE_COMPILATION_CONDITIONS = DEBUG;
				SWIFT_OPTIMIZATION_LEVEL = "-Onone";
			};
			name = Debug;
		};
		6088C6602548176600E1525C /* Release */ = {
			isa = XCBuildConfiguration;
			buildSettings = {
				ALWAYS_SEARCH_USER_PATHS = NO;
				CLANG_ANALYZER_NONNULL = YES;
				CLANG_ANALYZER_NUMBER_OBJECT_CONVERSION = YES_AGGRESSIVE;
				CLANG_CXX_LANGUAGE_STANDARD = "gnu++14";
				CLANG_CXX_LIBRARY = "libc++";
				CLANG_ENABLE_MODULES = YES;
				CLANG_ENABLE_OBJC_ARC = YES;
				CLANG_ENABLE_OBJC_WEAK = YES;
				CLANG_WARN_BLOCK_CAPTURE_AUTORELEASING = YES;
				CLANG_WARN_BOOL_CONVERSION = YES;
				CLANG_WARN_COMMA = YES;
				CLANG_WARN_CONSTANT_CONVERSION = YES;
				CLANG_WARN_DEPRECATED_OBJC_IMPLEMENTATIONS = YES;
				CLANG_WARN_DIRECT_OBJC_ISA_USAGE = YES_ERROR;
				CLANG_WARN_DOCUMENTATION_COMMENTS = YES;
				CLANG_WARN_EMPTY_BODY = YES;
				CLANG_WARN_ENUM_CONVERSION = YES;
				CLANG_WARN_INFINITE_RECURSION = YES;
				CLANG_WARN_INT_CONVERSION = YES;
				CLANG_WARN_NON_LITERAL_NULL_CONVERSION = YES;
				CLANG_WARN_OBJC_IMPLICIT_RETAIN_SELF = YES;
				CLANG_WARN_OBJC_LITERAL_CONVERSION = YES;
				CLANG_WARN_OBJC_ROOT_CLASS = YES_ERROR;
				CLANG_WARN_QUOTED_INCLUDE_IN_FRAMEWORK_HEADER = YES;
				CLANG_WARN_RANGE_LOOP_ANALYSIS = YES;
				CLANG_WARN_STRICT_PROTOTYPES = YES;
				CLANG_WARN_SUSPICIOUS_MOVE = YES;
				CLANG_WARN_UNGUARDED_AVAILABILITY = YES_AGGRESSIVE;
				CLANG_WARN_UNREACHABLE_CODE = YES;
				CLANG_WARN__DUPLICATE_METHOD_MATCH = YES;
				COPY_PHASE_STRIP = NO;
				DEBUG_INFORMATION_FORMAT = "dwarf-with-dsym";
				ENABLE_NS_ASSERTIONS = NO;
				ENABLE_STRICT_OBJC_MSGSEND = YES;
				GCC_C_LANGUAGE_STANDARD = gnu11;
				GCC_NO_COMMON_BLOCKS = YES;
				GCC_WARN_64_TO_32_BIT_CONVERSION = YES;
				GCC_WARN_ABOUT_RETURN_TYPE = YES_ERROR;
				GCC_WARN_UNDECLARED_SELECTOR = YES;
				GCC_WARN_UNINITIALIZED_AUTOS = YES_AGGRESSIVE;
				GCC_WARN_UNUSED_FUNCTION = YES;
				GCC_WARN_UNUSED_VARIABLE = YES;
				MACOSX_DEPLOYMENT_TARGET = 10.15;
				MTL_ENABLE_DEBUG_INFO = NO;
				MTL_FAST_MATH = YES;
				SDKROOT = macosx;
				SWIFT_COMPILATION_MODE = wholemodule;
				SWIFT_OPTIMIZATION_LEVEL = "-O";
			};
			name = Release;
		};
		6088C6622548176600E1525C /* Debug */ = {
			isa = XCBuildConfiguration;
			buildSettings = {
				ASSETCATALOG_COMPILER_APPICON_NAME = AppIcon;
				ASSETCATALOG_COMPILER_GLOBAL_ACCENT_COLOR_NAME = AccentColor;
				CODE_SIGN_ENTITLEMENTS = SwiftUICollectionViewMac/SwiftUICollectionViewMac.entitlements;
				CODE_SIGN_STYLE = Automatic;
				COMBINE_HIDPI_IMAGES = YES;
				DEVELOPMENT_ASSET_PATHS = "\"SwiftUICollectionViewMac/Preview Content\"";
				ENABLE_PREVIEWS = YES;
				INFOPLIST_FILE = SwiftUICollectionViewMac/Info.plist;
				LD_RUNPATH_SEARCH_PATHS = (
					"$(inherited)",
					"@executable_path/../Frameworks",
				);
				MACOSX_DEPLOYMENT_TARGET = 10.15.1;
				PRODUCT_BUNDLE_IDENTIFIER = com.propgm.SwiftUICollectionViewMac;
				PRODUCT_NAME = "$(TARGET_NAME)";
				SWIFT_VERSION = 5.0;
			};
			name = Debug;
		};
		6088C6632548176600E1525C /* Release */ = {
			isa = XCBuildConfiguration;
			buildSettings = {
				ASSETCATALOG_COMPILER_APPICON_NAME = AppIcon;
				ASSETCATALOG_COMPILER_GLOBAL_ACCENT_COLOR_NAME = AccentColor;
				CODE_SIGN_ENTITLEMENTS = SwiftUICollectionViewMac/SwiftUICollectionViewMac.entitlements;
				CODE_SIGN_STYLE = Automatic;
				COMBINE_HIDPI_IMAGES = YES;
				DEVELOPMENT_ASSET_PATHS = "\"SwiftUICollectionViewMac/Preview Content\"";
				ENABLE_PREVIEWS = YES;
				INFOPLIST_FILE = SwiftUICollectionViewMac/Info.plist;
				LD_RUNPATH_SEARCH_PATHS = (
					"$(inherited)",
					"@executable_path/../Frameworks",
				);
				MACOSX_DEPLOYMENT_TARGET = 10.15.1;
				PRODUCT_BUNDLE_IDENTIFIER = com.propgm.SwiftUICollectionViewMac;
				PRODUCT_NAME = "$(TARGET_NAME)";
				SWIFT_VERSION = 5.0;
			};
			name = Release;
		};
/* End XCBuildConfiguration section */

/* Begin XCConfigurationList section */
		6088C6492548176400E1525C /* Build configuration list for PBXProject "SwiftUICollectionViewMac" */ = {
			isa = XCConfigurationList;
			buildConfigurations = (
				6088C65F2548176600E1525C /* Debug */,
				6088C6602548176600E1525C /* Release */,
			);
			defaultConfigurationIsVisible = 0;
			defaultConfigurationName = Release;
		};
		6088C6612548176600E1525C /* Build configuration list for PBXNativeTarget "SwiftUICollectionViewMac" */ = {
			isa = XCConfigurationList;
			buildConfigurations = (
				6088C6622548176600E1525C /* Debug */,
				6088C6632548176600E1525C /* Release */,
			);
			defaultConfigurationIsVisible = 0;
			defaultConfigurationName = Release;
		};
/* End XCConfigurationList section */
	};
	rootObject = 6088C6462548176400E1525C /* Project object */;
}
